
Microsoft Visual Studio Solution File, Format Version 12.00
# Visual Studio 15
VisualStudioVersion = 15.0.27130.2036
MinimumVisualStudioVersion = 10.0.40219.1
Project("{FAE04EC0-301F-11D3-BF4B-00C04F79EFBC}") = "GameFinal", "G:\OLDSTUFF\GameFinal\GameFinal\GameFinal\GameFinal.csproj", "{49B053DF-DB4F-4887-ABF3-9D949984CC41}"
EndProject
Global
	GlobalSection(SolutionConfigurationPlatforms) = preSolution
		Debug|x86 = Debug|x86
		Release|x86 = Release|x86
	EndGlobalSection
	GlobalSection(ProjectConfigurationPlatforms) = postSolution
		{49B053DF-DB4F-4887-ABF3-9D949984CC41}.Debug|x86.ActiveCfg = Debug|x86
		{49B053DF-DB4F-4887-ABF3-9D949984CC41}.Debug|x86.Build.0 = Debug|x86
		{49B053DF-DB4F-4887-ABF3-9D949984CC41}.Release|x86.ActiveCfg = Release|x86
		{49B053DF-DB4F-4887-ABF3-9D949984CC41}.Release|x86.Build.0 = Release|x86
	EndGlobalSection
	GlobalSection(SolutionProperties) = preSolution
		HideSolutionNode = FALSE
	EndGlobalSection
	GlobalSection(ExtensibilityGlobals) = postSolution
		SolutionGuid = {6B797483-8FDA-443E-A399-4EE7E766775C}
	EndGlobalSection
EndGlobal
